
Microsoft Visual Studio Solution File, Format Version 12.00
# Visual Studio Version 16
VisualStudioVersion = 16.0.32228.343
MinimumVisualStudioVersion = 10.0.40219.1
Project("{9A19103F-16F7-4668-BE54-9A1E7A4F7556}") = "ProEventos.API", "ProEventos.API.csproj", "{3AE903E1-0F4A-4375-900E-DEFFC414F24B}"
EndProject
Global
	GlobalSection(SolutionConfigurationPlatforms) = preSolution
		Debug|Any CPU = Debug|Any CPU
		Release|Any CPU = Release|Any CPU
	EndGlobalSection
	GlobalSection(ProjectConfigurationPlatforms) = postSolution
		{3AE903E1-0F4A-4375-900E-DEFFC414F24B}.Debug|Any CPU.ActiveCfg = Debug|Any CPU
		{3AE903E1-0F4A-4375-900E-DEFFC414F24B}.Debug|Any CPU.Build.0 = Debug|Any CPU
		{3AE903E1-0F4A-4375-900E-DEFFC414F24B}.Release|Any CPU.ActiveCfg = Release|Any CPU
		{3AE903E1-0F4A-4375-900E-DEFFC414F24B}.Release|Any CPU.Build.0 = Release|Any CPU
	EndGlobalSection
	GlobalSection(SolutionProperties) = preSolution
		HideSolutionNode = FALSE
	EndGlobalSection
	GlobalSection(ExtensibilityGlobals) = postSolution
		SolutionGuid = {CA87D811-E431-4ECD-86B9-7B016DD54254}
	EndGlobalSection
EndGlobal
